
Microsoft Visual Studio Solution File, Format Version 12.00
# Visual Studio Version 17
VisualStudioVersion = 17.11.35327.3
MinimumVisualStudioVersion = 10.0.40219.1
Project("{FAE04EC0-301F-11D3-BF4B-00C04F79EFBC}") = "enum", "enum\enum.csproj", "{4DAF1CD9-074D-4CB0-99E9-480D1A01BC71}"
EndProject
Global
	GlobalSection(SolutionConfigurationPlatforms) = preSolution
		Debug|Any CPU = Debug|Any CPU
		Release|Any CPU = Release|Any CPU
	EndGlobalSection
	GlobalSection(ProjectConfigurationPlatforms) = postSolution
		{4DAF1CD9-074D-4CB0-99E9-480D1A01BC71}.Debug|Any CPU.ActiveCfg = Debug|Any CPU
		{4DAF1CD9-074D-4CB0-99E9-480D1A01BC71}.Debug|Any CPU.Build.0 = Debug|Any CPU
		{4DAF1CD9-074D-4CB0-99E9-480D1A01BC71}.Release|Any CPU.ActiveCfg = Release|Any CPU
		{4DAF1CD9-074D-4CB0-99E9-480D1A01BC71}.Release|Any CPU.Build.0 = Release|Any CPU
	EndGlobalSection
	GlobalSection(SolutionProperties) = preSolution
		HideSolutionNode = FALSE
	EndGlobalSection
	GlobalSection(ExtensibilityGlobals) = postSolution
		SolutionGuid = {FCD3908D-4312-49B0-AE53-A3154FAF4F2C}
	EndGlobalSection
EndGlobal
